<?xml version="1.0" encoding="utf-8"?>
<Project ToolsVersion="4.0" xmlns="http://schemas.microsoft.com/developer/msbuild/2003">
  <ItemGroup>
    <Filter Include="Source Files">
      <UniqueIdentifier>{4FC737F1-C7A5-4376-A066-2A32D752A2FF}</UniqueIdentifier>
      <Extensions>cpp;c;cc;cxx;c++;cppm;ixx;def;odl;idl;hpj;bat;asm;asmx</Extensions>
    </Filter>
    <Filter Include="Header Files">
      <UniqueIdentifier>{93995380-89BD-4b04-88EB-625FBE52EBFB}</UniqueIdentifier>
      <Extensions>h;hh;hpp;hxx;h++;hm;inl;inc;ipp;xsd</Extensions>
    </Filter>
    <Filter Include="Resource Files">
      <UniqueIdentifier>{67DA6AB6-F800-4c08-8B7A-83BB121AAD01}</UniqueIdentifier>
      <Extensions>rc;ico;cur;bmp;dlg;rc2;rct;bin;rgs;gif;jpg;jpeg;jpe;resx;tiff;tif;png;wav;mfcribbon-ms</Extensions>
    </Filter>
    <Filter Include="Source Files\c_state_machine">
      <UniqueIdentifier>{f46e943a-c24a-44de-9e36-507fff8b56f0}</UniqueIdentifier>
    </Filter>
  </ItemGroup>
  <ItemGroup>
    <ClCompile Include="main.c">
      <Filter>Source Files</Filter>
    </ClCompile>
    <ClCompile Include="ScreenData.c">
      <Filter>Source Files</Filter>
    </ClCompile>
    <ClCompile Include="Buttons.c">
      <Filter>Source Files</Filter>
    </ClCompile>
    <ClCompile Include="Ui.c">
      <Filter>Source Files</Filter>
    </ClCompile>
    <ClCompile Include="Display.c">
      <Filter>Source Files</Filter>
    </ClCompile>
    <ClCompile Include="EventGenerator.c">
      <Filter>Source Files</Filter>
    </ClCompile>
    <ClCompile Include="c_state_machine\c_state_machine.c">
      <Filter>Source Files\c_state_machine</Filter>
    </ClCompile>
    <ClCompile Include="c_state_machine\StateMenu.c">
      <Filter>Source Files\c_state_machine</Filter>
    </ClCompile>
    <ClCompile Include="c_state_machine\StateOff.c">
      <Filter>Source Files\c_state_machine</Filter>
    </ClCompile>
    <ClCompile Include="c_state_machine\StateOn.c">
      <Filter>Source Files\c_state_machine</Filter>
    </ClCompile>
    <ClCompile Include="c_state_machine\StateSubMenu.c">
      <Filter>Source Files\c_state_machine</Filter>
    </ClCompile>
    <ClCompile Include="c_state_machine\StateSystem.c">
      <Filter>Source Files\c_state_machine</Filter>
    </ClCompile>
    <ClCompile Include="c_state_machine\StateTopMenu.c">
      <Filter>Source Files\c_state_machine</Filter>
    </ClCompile>
    <ClCompile Include="c_state_machine\State.c">
      <Filter>Source Files\c_state_machine</Filter>
    </ClCompile>
    <ClCompile Include="c_state_machine\StateMainScreen.c">
      <Filter>Source Files\c_state_machine</Filter>
    </ClCompile>
    <ClCompile Include="c_state_machine\StateStartup.c">
      <Filter>Source Files\c_state_machine</Filter>
    </ClCompile>
  </ItemGroup>
  <ItemGroup>
    <ClInclude Include="ScreenData.h">
      <Filter>Source Files</Filter>
    </ClInclude>
    <ClInclude Include="Buttons.h">
      <Filter>Source Files</Filter>
    </ClInclude>
    <ClInclude Include="CommonTypes.h">
      <Filter>Source Files</Filter>
    </ClInclude>
    <ClInclude Include="UiCommon.h">
      <Filter>Source Files</Filter>
    </ClInclude>
    <ClInclude Include="Ui.h">
      <Filter>Source Files</Filter>
    </ClInclude>
    <ClInclude Include="Display.h">
      <Filter>Source Files</Filter>
    </ClInclude>
    <ClInclude Include="EventGenerator.h">
      <Filter>Source Files</Filter>
    </ClInclude>
    <ClInclude Include="c_state_machine\CustomTypes.h">
      <Filter>Source Files\c_state_machine</Filter>
    </ClInclude>
    <ClInclude Include="c_state_machine\Common.h">
      <Filter>Source Files\c_state_machine</Filter>
    </ClInclude>
    <ClInclude Include="c_state_machine\StateMainScreen.h">
      <Filter>Source Files\c_state_machine</Filter>
    </ClInclude>
    <ClInclude Include="c_state_machine\StateMenu.h">
      <Filter>Source Files\c_state_machine</Filter>
    </ClInclude>
    <ClInclude Include="c_state_machine\StateOff.h">
      <Filter>Source Files\c_state_machine</Filter>
    </ClInclude>
    <ClInclude Include="c_state_machine\StateOn.h">
      <Filter>Source Files\c_state_machine</Filter>
    </ClInclude>
    <ClInclude Include="c_state_machine\StateSubMenu.h">
      <Filter>Source Files\c_state_machine</Filter>
    </ClInclude>
    <ClInclude Include="c_state_machine\StateSystem.h">
      <Filter>Source Files\c_state_machine</Filter>
    </ClInclude>
    <ClInclude Include="c_state_machine\StateTopMenu.h">
      <Filter>Source Files\c_state_machine</Filter>
    </ClInclude>
    <ClInclude Include="c_state_machine\c_state_machine.h">
      <Filter>Source Files\c_state_machine</Filter>
    </ClInclude>
    <ClInclude Include="c_state_machine\EventGenerator.h">
      <Filter>Source Files\c_state_machine</Filter>
    </ClInclude>
    <ClInclude Include="c_state_machine\State.h">
      <Filter>Source Files\c_state_machine</Filter>
    </ClInclude>
    <ClInclude Include="c_state_machine\StateStartup.h">
      <Filter>Source Files\c_state_machine</Filter>
    </ClInclude>
  </ItemGroup>
  <ItemGroup>
    <Image Include="img\select.png">
      <Filter>Resource Files</Filter>
    </Image>
    <Image Include="img\select_clicked.png">
      <Filter>Resource Files</Filter>
    </Image>
  </ItemGroup>
</Project>